Microsoft Visual Studio Solution File, Format Version 12.00
# Visual Studio Version 17
VisualStudioVersion = 17.0.32112.339
MinimumVisualStudioVersion = 10.0.40219.1
Project("{FAE04EC0-301F-11D3-BF4B-00C04F79EFBC}") = "dopetest_xamarin.Android", "dopetest_xamarin.Android\dopetest_xamarin.Android.csproj", "{27AD4672-D1B9-4CE6-B083-928F5C260D42}"
EndProject
Project("{FAE04EC0-301F-11D3-BF4B-00C04F79EFBC}") = "dopetest_xamarin.iOS", "dopetest_xamarin.iOS\dopetest_xamarin.iOS.csproj", "{E3F167F2-1850-4857-AD25-D7A06D38397E}"
EndProject
Project("{9A19103F-16F7-4668-BE54-9A1E7A4F7556}") = "dopetest_xamarin", "dopetest_xamarin\dopetest_xamarin.csproj", "{A3EA56F1-80E9-46B9-B88B-B77C40090139}"
EndProject
Project("{FAE04EC0-301F-11D3-BF4B-00C04F79EFBC}") = "dopetest_xamarin.UWP", "dopetest_xamarin.UWP\dopetest_xamarin.UWP.csproj", "{84CFD2AA-AEBC-4459-ABC8-FCEEC2FCBCAC}"
EndProject
Project("{FAE04EC0-301F-11D3-BF4B-00C04F79EFBC}") = "dopetest_xamarin.macOS", "dopetest_xamarin.macOS\dopetest_xamarin.macOS.csproj", "{11FDF29F-9D2D-40AF-8611-154DB975D8ED}"
EndProject
Global
	GlobalSection(SolutionConfigurationPlatforms) = preSolution
		Debug|Any CPU = Debug|Any CPU
		Debug|ARM = Debug|ARM
		Debug|ARM64 = Debug|ARM64
		Debug|iPhone = Debug|iPhone
		Debug|iPhoneSimulator = Debug|iPhoneSimulator
		Debug|x64 = Debug|x64
		Debug|x86 = Debug|x86
		Release|Any CPU = Release|Any CPU
		Release|ARM = Release|ARM
		Release|ARM64 = Release|ARM64
		Release|iPhone = Release|iPhone
		Release|iPhoneSimulator = Release|iPhoneSimulator
		Release|x64 = Release|x64
		Release|x86 = Release|x86
	EndGlobalSection
	GlobalSection(ProjectConfigurationPlatforms) = postSolution
		{27AD4672-D1B9-4CE6-B083-928F5C260D42}.Debug|Any CPU.ActiveCfg = Debug|Any CPU
		{27AD4672-D1B9-4CE6-B083-928F5C260D42}.Debug|Any CPU.Build.0 = Debug|Any CPU
		{27AD4672-D1B9-4CE6-B083-928F5C260D42}.Debug|Any CPU.Deploy.0 = Debug|Any CPU
		{27AD4672-D1B9-4CE6-B083-928F5C260D42}.Debug|ARM.ActiveCfg = Debug|Any CPU
		{27AD4672-D1B9-4CE6-B083-928F5C260D42}.Debug|ARM.Build.0 = Debug|Any CPU
		{27AD4672-D1B9-4CE6-B083-928F5C260D42}.Debug|ARM.Deploy.0 = Debug|Any CPU
		{27AD4672-D1B9-4CE6-B083-928F5C260D42}.Debug|ARM64.ActiveCfg = Debug|Any CPU
		{27AD4672-D1B9-4CE6-B083-928F5C260D42}.Debug|ARM64.Build.0 = Debug|Any CPU
		{27AD4672-D1B9-4CE6-B083-928F5C260D42}.Debug|ARM64.Deploy.0 = Debug|Any CPU
		{27AD4672-D1B9-4CE6-B083-928F5C260D42}.Debug|iPhone.ActiveCfg = Debug|Any CPU
		{27AD4672-D1B9-4CE6-B083-928F5C260D42}.Debug|iPhone.Build.0 = Debug|Any CPU
		{27AD4672-D1B9-4CE6-B083-928F5C260D42}.Debug|iPhoneSimulator.ActiveCfg = Debug|Any CPU
		{27AD4672-D1B9-4CE6-B083-928F5C260D42}.Debug|iPhoneSimulator.Build.0 = Debug|Any CPU
		{27AD4672-D1B9-4CE6-B083-928F5C260D42}.Debug|x64.ActiveCfg = Debug|Any CPU
		{27AD4672-D1B9-4CE6-B083-928F5C260D42}.Debug|x64.Build.0 = Debug|Any CPU
		{27AD4672-D1B9-4CE6-B083-928F5C260D42}.Debug|x86.ActiveCfg = Debug|Any CPU
		{27AD4672-D1B9-4CE6-B083-928F5C260D42}.Debug|x86.Build.0 = Debug|Any CPU
		{27AD4672-D1B9-4CE6-B083-928F5C260D42}.Debug|x86.Deploy.0 = Debug|Any CPU
		{27AD4672-D1B9-4CE6-B083-928F5C260D42}.Release|Any CPU.ActiveCfg = Release|Any CPU
		{27AD4672-D1B9-4CE6-B083-928F5C260D42}.Release|Any CPU.Build.0 = Release|Any CPU
		{27AD4672-D1B9-4CE6-B083-928F5C260D42}.Release|Any CPU.Deploy.0 = Release|Any CPU
		{27AD4672-D1B9-4CE6-B083-928F5C260D42}.Release|ARM.ActiveCfg = Release|Any CPU
		{27AD4672-D1B9-4CE6-B083-928F5C260D42}.Release|ARM.Build.0 = Release|Any CPU
		{27AD4672-D1B9-4CE6-B083-928F5C260D42}.Release|ARM.Deploy.0 = Release|Any CPU
		{27AD4672-D1B9-4CE6-B083-928F5C260D42}.Release|ARM64.ActiveCfg = Release|Any CPU
		{27AD4672-D1B9-4CE6-B083-928F5C260D42}.Release|ARM64.Build.0 = Release|Any CPU
		{27AD4672-D1B9-4CE6-B083-928F5C260D42}.Release|ARM64.Deploy.0 = Release|Any CPU
		{27AD4672-D1B9-4CE6-B083-928F5C260D42}.Release|iPhone.ActiveCfg = Release|Any CPU
		{27AD4672-D1B9-4CE6-B083-928F5C260D42}.Release|iPhone.Build.0 = Release|Any CPU
		{27AD4672-D1B9-4CE6-B083-928F5C260D42}.Release|iPhoneSimulator.ActiveCfg = Release|Any CPU
		{27AD4672-D1B9-4CE6-B083-928F5C260D42}.Release|iPhoneSimulator.Build.0 = Release|Any CPU
		{27AD4672-D1B9-4CE6-B083-928F5C260D42}.Release|x64.ActiveCfg = Release|Any CPU
		{27AD4672-D1B9-4CE6-B083-928F5C260D42}.Release|x64.Build.0 = Release|Any CPU
		{27AD4672-D1B9-4CE6-B083-928F5C260D42}.Release|x64.Deploy.0 = Release|Any CPU
		{27AD4672-D1B9-4CE6-B083-928F5C260D42}.Release|x86.ActiveCfg = Release|Any CPU
		{27AD4672-D1B9-4CE6-B083-928F5C260D42}.Release|x86.Build.0 = Release|Any CPU
		{27AD4672-D1B9-4CE6-B083-928F5C260D42}.Release|x86.Deploy.0 = Release|Any CPU
		{E3F167F2-1850-4857-AD25-D7A06D38397E}.Debug|Any CPU.ActiveCfg = Debug|iPhoneSimulator
		{E3F167F2-1850-4857-AD25-D7A06D38397E}.Debug|Any CPU.Build.0 = Debug|iPhoneSimulator
		{E3F167F2-1850-4857-AD25-D7A06D38397E}.Debug|ARM.ActiveCfg = Debug|iPhone
		{E3F167F2-1850-4857-AD25-D7A06D38397E}.Debug|ARM.Build.0 = Debug|iPhone
		{E3F167F2-1850-4857-AD25-D7A06D38397E}.Debug|ARM64.ActiveCfg = Debug|iPhone
		{E3F167F2-1850-4857-AD25-D7A06D38397E}.Debug|ARM64.Build.0 = Debug|iPhone
		{E3F167F2-1850-4857-AD25-D7A06D38397E}.Debug|iPhone.ActiveCfg = Debug|iPhone
		{E3F167F2-1850-4857-AD25-D7A06D38397E}.Debug|iPhone.Build.0 = Debug|iPhone
		{E3F167F2-1850-4857-AD25-D7A06D38397E}.Debug|iPhoneSimulator.ActiveCfg = Debug|iPhoneSimulator
		{E3F167F2-1850-4857-AD25-D7A06D38397E}.Debug|iPhoneSimulator.Build.0 = Debug|iPhoneSimulator
		{E3F167F2-1850-4857-AD25-D7A06D38397E}.Debug|x64.ActiveCfg = Debug|iPhone
		{E3F167F2-1850-4857-AD25-D7A06D38397E}.Debug|x64.Build.0 = Debug|iPhone
		{E3F167F2-1850-4857-AD25-D7A06D38397E}.Debug|x86.ActiveCfg = Debug|iPhone
		{E3F167F2-1850-4857-AD25-D7A06D38397E}.Debug|x86.Build.0 = Debug|iPhone
		{E3F167F2-1850-4857-AD25-D7A06D38397E}.Release|Any CPU.ActiveCfg = Release|iPhoneSimulator
		{E3F167F2-1850-4857-AD25-D7A06D38397E}.Release|Any CPU.Build.0 = Release|iPhoneSimulator
		{E3F167F2-1850-4857-AD25-D7A06D38397E}.Release|ARM.ActiveCfg = Release|iPhone
		{E3F167F2-1850-4857-AD25-D7A06D38397E}.Release|ARM.Build.0 = Release|iPhone
		{E3F167F2-1850-4857-AD25-D7A06D38397E}.Release|ARM64.ActiveCfg = Release|iPhone
		{E3F167F2-1850-4857-AD25-D7A06D38397E}.Release|ARM64.Build.0 = Release|iPhone
		{E3F167F2-1850-4857-AD25-D7A06D38397E}.Release|iPhone.ActiveCfg = Release|iPhone
		{E3F167F2-1850-4857-AD25-D7A06D38397E}.Release|iPhone.Build.0 = Release|iPhone
		{E3F167F2-1850-4857-AD25-D7A06D38397E}.Release|iPhone.Deploy.0 = Release|iPhone
		{E3F167F2-1850-4857-AD25-D7A06D38397E}.Release|iPhoneSimulator.ActiveCfg = Release|iPhoneSimulator
		{E3F167F2-1850-4857-AD25-D7A06D38397E}.Release|iPhoneSimulator.Build.0 = Release|iPhoneSimulator
		{E3F167F2-1850-4857-AD25-D7A06D38397E}.Release|x64.ActiveCfg = Release|iPhone
		{E3F167F2-1850-4857-AD25-D7A06D38397E}.Release|x64.Build.0 = Release|iPhone
		{E3F167F2-1850-4857-AD25-D7A06D38397E}.Release|x86.ActiveCfg = Release|iPhone
		{E3F167F2-1850-4857-AD25-D7A06D38397E}.Release|x86.Build.0 = Release|iPhone
		{A3EA56F1-80E9-46B9-B88B-B77C40090139}.Debug|Any CPU.ActiveCfg = Debug|Any CPU
		{A3EA56F1-80E9-46B9-B88B-B77C40090139}.Debug|Any CPU.Build.0 = Debug|Any CPU
		{A3EA56F1-80E9-46B9-B88B-B77C40090139}.Debug|ARM.ActiveCfg = Debug|Any CPU
		{A3EA56F1-80E9-46B9-B88B-B77C40090139}.Debug|ARM.Build.0 = Debug|Any CPU
		{A3EA56F1-80E9-46B9-B88B-B77C40090139}.Debug|ARM64.ActiveCfg = Debug|Any CPU
		{A3EA56F1-80E9-46B9-B88B-B77C40090139}.Debug|ARM64.Build.0 = Debug|Any CPU
		{A3EA56F1-80E9-46B9-B88B-B77C40090139}.Debug|iPhone.ActiveCfg = Debug|Any CPU
		{A3EA56F1-80E9-46B9-B88B-B77C40090139}.Debug|iPhone.Build.0 = Debug|Any CPU
		{A3EA56F1-80E9-46B9-B88B-B77C40090139}.Debug|iPhoneSimulator.ActiveCfg = Debug|Any CPU
		{A3EA56F1-80E9-46B9-B88B-B77C40090139}.Debug|iPhoneSimulator.Build.0 = Debug|Any CPU
		{A3EA56F1-80E9-46B9-B88B-B77C40090139}.Debug|x64.ActiveCfg = Debug|Any CPU
		{A3EA56F1-80E9-46B9-B88B-B77C40090139}.Debug|x64.Build.0 = Debug|Any CPU
		{A3EA56F1-80E9-46B9-B88B-B77C40090139}.Debug|x86.ActiveCfg = Debug|Any CPU
		{A3EA56F1-80E9-46B9-B88B-B77C40090139}.Debug|x86.Build.0 = Debug|Any CPU
		{A3EA56F1-80E9-46B9-B88B-B77C40090139}.Release|Any CPU.ActiveCfg = Release|Any CPU
		{A3EA56F1-80E9-46B9-B88B-B77C40090139}.Release|Any CPU.Build.0 = Release|Any CPU
		{A3EA56F1-80E9-46B9-B88B-B77C40090139}.Release|ARM.ActiveCfg = Release|Any CPU
		{A3EA56F1-80E9-46B9-B88B-B77C40090139}.Release|ARM.Build.0 = Release|Any CPU
		{A3EA56F1-80E9-46B9-B88B-B77C40090139}.Release|ARM64.ActiveCfg = Release|Any CPU
		{A3EA56F1-80E9-46B9-B88B-B77C40090139}.Release|ARM64.Build.0 = Release|Any CPU
		{A3EA56F1-80E9-46B9-B88B-B77C40090139}.Release|iPhone.ActiveCfg = Release|Any CPU
		{A3EA56F1-80E9-46B9-B88B-B77C40090139}.Release|iPhone.Build.0 = Release|Any CPU
		{A3EA56F1-80E9-46B9-B88B-B77C40090139}.Release|iPhoneSimulator.ActiveCfg = Release|Any CPU
		{A3EA56F1-80E9-46B9-B88B-B77C40090139}.Release|iPhoneSimulator.Build.0 = Release|Any CPU
		{A3EA56F1-80E9-46B9-B88B-B77C40090139}.Release|x64.ActiveCfg = Release|Any CPU
		{A3EA56F1-80E9-46B9-B88B-B77C40090139}.Release|x64.Build.0 = Release|Any CPU
		{A3EA56F1-80E9-46B9-B88B-B77C40090139}.Release|x86.ActiveCfg = Release|Any CPU
		{A3EA56F1-80E9-46B9-B88B-B77C40090139}.Release|x86.Build.0 = Release|Any CPU
		{84CFD2AA-AEBC-4459-ABC8-FCEEC2FCBCAC}.Debug|Any CPU.ActiveCfg = Debug|x64
		{84CFD2AA-AEBC-4459-ABC8-FCEEC2FCBCAC}.Debug|Any CPU.Build.0 = Debug|x64
		{84CFD2AA-AEBC-4459-ABC8-FCEEC2FCBCAC}.Debug|Any CPU.Deploy.0 = Debug|x64
		{84CFD2AA-AEBC-4459-ABC8-FCEEC2FCBCAC}.Debug|ARM.ActiveCfg = Debug|ARM
		{84CFD2AA-AEBC-4459-ABC8-FCEEC2FCBCAC}.Debug|ARM.Build.0 = Debug|ARM
		{84CFD2AA-AEBC-4459-ABC8-FCEEC2FCBCAC}.Debug|ARM.Deploy.0 = Debug|ARM
		{84CFD2AA-AEBC-4459-ABC8-FCEEC2FCBCAC}.Debug|ARM64.ActiveCfg = Debug|ARM64
		{84CFD2AA-AEBC-4459-ABC8-FCEEC2FCBCAC}.Debug|ARM64.Build.0 = Debug|ARM64
		{84CFD2AA-AEBC-4459-ABC8-FCEEC2FCBCAC}.Debug|ARM64.Deploy.0 = Debug|ARM64
		{84CFD2AA-AEBC-4459-ABC8-FCEEC2FCBCAC}.Debug|iPhone.ActiveCfg = Debug|x64
		{84CFD2AA-AEBC-4459-ABC8-FCEEC2FCBCAC}.Debug|iPhone.Build.0 = Debug|x64
		{84CFD2AA-AEBC-4459-ABC8-FCEEC2FCBCAC}.Debug|iPhone.Deploy.0 = Debug|x64
		{84CFD2AA-AEBC-4459-ABC8-FCEEC2FCBCAC}.Debug|iPhoneSimulator.ActiveCfg = Debug|x64
		{84CFD2AA-AEBC-4459-ABC8-FCEEC2FCBCAC}.Debug|iPhoneSimulator.Build.0 = Debug|x64
		{84CFD2AA-AEBC-4459-ABC8-FCEEC2FCBCAC}.Debug|iPhoneSimulator.Deploy.0 = Debug|x64
		{84CFD2AA-AEBC-4459-ABC8-FCEEC2FCBCAC}.Debug|x64.ActiveCfg = Debug|x64
		{84CFD2AA-AEBC-4459-ABC8-FCEEC2FCBCAC}.Debug|x64.Build.0 = Debug|x64
		{84CFD2AA-AEBC-4459-ABC8-FCEEC2FCBCAC}.Debug|x64.Deploy.0 = Debug|x64
		{84CFD2AA-AEBC-4459-ABC8-FCEEC2FCBCAC}.Debug|x86.ActiveCfg = Debug|x86
		{84CFD2AA-AEBC-4459-ABC8-FCEEC2FCBCAC}.Debug|x86.Build.0 = Debug|x86
		{84CFD2AA-AEBC-4459-ABC8-FCEEC2FCBCAC}.Debug|x86.Deploy.0 = Debug|x86
		{84CFD2AA-AEBC-4459-ABC8-FCEEC2FCBCAC}.Release|Any CPU.ActiveCfg = Release|x64
		{84CFD2AA-AEBC-4459-ABC8-FCEEC2FCBCAC}.Release|Any CPU.Build.0 = Release|x64
		{84CFD2AA-AEBC-4459-ABC8-FCEEC2FCBCAC}.Release|Any CPU.Deploy.0 = Release|x64
		{84CFD2AA-AEBC-4459-ABC8-FCEEC2FCBCAC}.Release|ARM.ActiveCfg = Release|ARM
		{84CFD2AA-AEBC-4459-ABC8-FCEEC2FCBCAC}.Release|ARM.Build.0 = Release|ARM
		{84CFD2AA-AEBC-4459-ABC8-FCEEC2FCBCAC}.Release|ARM.Deploy.0 = Release|ARM
		{84CFD2AA-AEBC-4459-ABC8-FCEEC2FCBCAC}.Release|ARM64.ActiveCfg = Release|ARM64
		{84CFD2AA-AEBC-4459-ABC8-FCEEC2FCBCAC}.Release|ARM64.Build.0 = Release|ARM64
		{84CFD2AA-AEBC-4459-ABC8-FCEEC2FCBCAC}.Release|ARM64.Deploy.0 = Release|ARM64
		{84CFD2AA-AEBC-4459-ABC8-FCEEC2FCBCAC}.Release|iPhone.ActiveCfg = Release|x64
		{84CFD2AA-AEBC-4459-ABC8-FCEEC2FCBCAC}.Release|iPhone.Build.0 = Release|x64
		{84CFD2AA-AEBC-4459-ABC8-FCEEC2FCBCAC}.Release|iPhone.Deploy.0 = Release|x64
		{84CFD2AA-AEBC-4459-ABC8-FCEEC2FCBCAC}.Release|iPhoneSimulator.ActiveCfg = Release|x64
		{84CFD2AA-AEBC-4459-ABC8-FCEEC2FCBCAC}.Release|iPhoneSimulator.Build.0 = Release|x64
		{84CFD2AA-AEBC-4459-ABC8-FCEEC2FCBCAC}.Release|iPhoneSimulator.Deploy.0 = Release|x64
		{84CFD2AA-AEBC-4459-ABC8-FCEEC2FCBCAC}.Release|x64.ActiveCfg = Release|x64
		{84CFD2AA-AEBC-4459-ABC8-FCEEC2FCBCAC}.Release|x64.Build.0 = Release|x64
		{84CFD2AA-AEBC-4459-ABC8-FCEEC2FCBCAC}.Release|x64.Deploy.0 = Release|x64
		{84CFD2AA-AEBC-4459-ABC8-FCEEC2FCBCAC}.Release|x86.ActiveCfg = Release|x86
		{84CFD2AA-AEBC-4459-ABC8-FCEEC2FCBCAC}.Release|x86.Build.0 = Release|x86
		{84CFD2AA-AEBC-4459-ABC8-FCEEC2FCBCAC}.Release|x86.Deploy.0 = Release|x86
		{11FDF29F-9D2D-40AF-8611-154DB975D8ED}.Debug|Any CPU.ActiveCfg = Debug|Any CPU
		{11FDF29F-9D2D-40AF-8611-154DB975D8ED}.Debug|Any CPU.Build.0 = Debug|Any CPU
		{11FDF29F-9D2D-40AF-8611-154DB975D8ED}.Debug|ARM.ActiveCfg = Debug|Any CPU
		{11FDF29F-9D2D-40AF-8611-154DB975D8ED}.Debug|ARM.Build.0 = Debug|Any CPU
		{11FDF29F-9D2D-40AF-8611-154DB975D8ED}.Debug|ARM64.ActiveCfg = Debug|Any CPU
		{11FDF29F-9D2D-40AF-8611-154DB975D8ED}.Debug|ARM64.Build.0 = Debug|Any CPU
		{11FDF29F-9D2D-40AF-8611-154DB975D8ED}.Debug|iPhone.ActiveCfg = Debug|Any CPU
		{11FDF29F-9D2D-40AF-8611-154DB975D8ED}.Debug|iPhone.Build.0 = Debug|Any CPU
		{11FDF29F-9D2D-40AF-8611-154DB975D8ED}.Debug|iPhoneSimulator.ActiveCfg = Debug|Any CPU
		{11FDF29F-9D2D-40AF-8611-154DB975D8ED}.Debug|iPhoneSimulator.Build.0 = Debug|Any CPU
		{11FDF29F-9D2D-40AF-8611-154DB975D8ED}.Debug|x64.ActiveCfg = Debug|Any CPU
		{11FDF29F-9D2D-40AF-8611-154DB975D8ED}.Debug|x64.Build.0 = Debug|Any CPU
		{11FDF29F-9D2D-40AF-8611-154DB975D8ED}.Debug|x86.ActiveCfg = Debug|Any CPU
		{11FDF29F-9D2D-40AF-8611-154DB975D8ED}.Debug|x86.Build.0 = Debug|Any CPU
		{11FDF29F-9D2D-40AF-8611-154DB975D8ED}.Release|Any CPU.ActiveCfg = Release|Any CPU
		{11FDF29F-9D2D-40AF-8611-154DB975D8ED}.Release|Any CPU.Build.0 = Release|Any CPU
		{11FDF29F-9D2D-40AF-8611-154DB975D8ED}.Release|ARM.ActiveCfg = Release|Any CPU
		{11FDF29F-9D2D-40AF-8611-154DB975D8ED}.Release|ARM.Build.0 = Release|Any CPU
		{11FDF29F-9D2D-40AF-8611-154DB975D8ED}.Release|ARM64.ActiveCfg = Release|Any CPU
		{11FDF29F-9D2D-40AF-8611-154DB975D8ED}.Release|ARM64.Build.0 = Release|Any CPU
		{11FDF29F-9D2D-40AF-8611-154DB975D8ED}.Release|iPhone.ActiveCfg = Release|Any CPU
		{11FDF29F-9D2D-40AF-8611-154DB975D8ED}.Release|iPhone.Build.0 = Release|Any CPU
		{11FDF29F-9D2D-40AF-8611-154DB975D8ED}.Release|iPhoneSimulator.ActiveCfg = Release|Any CPU
		{11FDF29F-9D2D-40AF-8611-154DB975D8ED}.Release|iPhoneSimulator.Build.0 = Release|Any CPU
		{11FDF29F-9D2D-40AF-8611-154DB975D8ED}.Release|x64.ActiveCfg = Release|Any CPU
		{11FDF29F-9D2D-40AF-8611-154DB975D8ED}.Release|x64.Build.0 = Release|Any CPU
		{11FDF29F-9D2D-40AF-8611-154DB975D8ED}.Release|x86.ActiveCfg = Release|Any CPU
		{11FDF29F-9D2D-40AF-8611-154DB975D8ED}.Release|x86.Build.0 = Release|Any CPU
	EndGlobalSection
	GlobalSection(SolutionProperties) = preSolution
		HideSolutionNode = FALSE
	EndGlobalSection
	GlobalSection(ExtensibilityGlobals) = postSolution
		SolutionGuid = {EF58802B-4931-488C-B517-20D765BDD21E}
	EndGlobalSection
EndGlobal
